<?xml version="1.0" encoding="utf-8"?>
<Project ToolsVersion="4.0" xmlns="http://schemas.microsoft.com/developer/msbuild/2003">
  <ItemGroup>
    <Filter Include="Source Files">
      <UniqueIdentifier>{4FC737F1-C7A5-4376-A066-2A32D752A2FF}</UniqueIdentifier>
      <Extensions>cpp;c;cc;cxx;def;odl;idl;hpj;bat;asm;asmx</Extensions>
    </Filter>
    <Filter Include="Header Files">
      <UniqueIdentifier>{93995380-89BD-4b04-88EB-625FBE52EBFB}</UniqueIdentifier>
      <Extensions>h;hpp;hxx;hm;inl;inc;xsd</Extensions>
    </Filter>
    <Filter Include="Resource Files">
      <UniqueIdentifier>{67DA6AB6-F800-4c08-8B7A-83BB121AAD01}</UniqueIdentifier>
      <Extensions>rc;ico;cur;bmp;dlg;rc2;rct;bin;rgs;gif;jpg;jpeg;jpe;resx;tiff;tif;png;wav</Extensions>
    </Filter>
    <Filter Include="Source Files\calculation">
      <UniqueIdentifier>{e6d21112-f53b-4820-a209-dbe7562a7694}</UniqueIdentifier>
    </Filter>
    <Filter Include="Header Files\calculation">
      <UniqueIdentifier>{9d26b16d-4911-422d-b146-4a4c20f6734d}</UniqueIdentifier>
    </Filter>
    <Filter Include="Header Files\calculation\runner">
      <UniqueIdentifier>{86327226-fa09-40d9-b3f7-5022191b53b5}</UniqueIdentifier>
    </Filter>
    <Filter Include="Source Files\calculation\runner">
      <UniqueIdentifier>{22bec638-d6a7-40d5-af33-eb81476de229}</UniqueIdentifier>
    </Filter>
    <Filter Include="Source Files\batch_application">
      <UniqueIdentifier>{8e84a003-2fd9-4e96-a31f-cfeaeb213231}</UniqueIdentifier>
    </Filter>
    <Filter Include="Header Files\calculation\print">
      <UniqueIdentifier>{96e69410-3db5-435b-8201-0160002759c1}</UniqueIdentifier>
    </Filter>
    <Filter Include="Source Files\calculation\print">
      <UniqueIdentifier>{4ad6e927-0231-45a4-89e1-46130caa6f36}</UniqueIdentifier>
    </Filter>
    <Filter Include="Header Files\calculation\utility">
      <UniqueIdentifier>{a2861da6-ea67-4485-be8f-49e6d8993427}</UniqueIdentifier>
    </Filter>
    <Filter Include="Source Files\calculation\utility">
      <UniqueIdentifier>{541f14fa-e20f-426a-b683-7161bb8dd25b}</UniqueIdentifier>
    </Filter>
    <Filter Include="Source Files\boost">
      <UniqueIdentifier>{2bbd1c0c-0da1-4753-81b8-e54ba1bb5a7a}</UniqueIdentifier>
    </Filter>
    <Filter Include="Source Files\boost\program_options">
      <UniqueIdentifier>{eda9106b-c18b-4b55-8db8-b907d5177789}</UniqueIdentifier>
    </Filter>
    <Filter Include="Header Files\calculation\loglikelihood">
      <UniqueIdentifier>{dc8c711d-5a10-4098-8f9e-8d30f81049d3}</UniqueIdentifier>
    </Filter>
    <Filter Include="Source Files\calculation\loglikelihood">
      <UniqueIdentifier>{c2986de9-5e7d-41d8-822b-92eb2838daf5}</UniqueIdentifier>
    </Filter>
    <Filter Include="Source Files\boost\threads">
      <UniqueIdentifier>{5ac91196-827c-44d6-806d-c90665476da0}</UniqueIdentifier>
    </Filter>
    <Filter Include="Header Files\calculation\randomization">
      <UniqueIdentifier>{774b53e7-3a6b-4089-8a54-e4a125e173de}</UniqueIdentifier>
    </Filter>
    <Filter Include="Source Files\calculation\randomization">
      <UniqueIdentifier>{27045a0c-b44c-4404-909d-42382e805d79}</UniqueIdentifier>
    </Filter>
    <Filter Include="Header Files\calculation\output">
      <UniqueIdentifier>{260ad21d-8a31-4cf2-aa59-a805fa3ee69d}</UniqueIdentifier>
    </Filter>
    <Filter Include="Source Files\calculation\output">
      <UniqueIdentifier>{6ef6ed46-9894-479a-b227-daa07546427b}</UniqueIdentifier>
    </Filter>
    <Filter Include="Source Files\boost\system">
      <UniqueIdentifier>{f8506184-5527-4d9d-8dcd-dcd5f4e6694a}</UniqueIdentifier>
    </Filter>
    <Filter Include="Header Files\batch_application">
      <UniqueIdentifier>{77fb2ac1-ea23-4f6b-8a14-44c474fade13}</UniqueIdentifier>
    </Filter>
  </ItemGroup>
  <ItemGroup>
    <ClCompile Include="..\calculation\runner\ScanRunner.cpp">
      <Filter>Source Files\calculation\runner</Filter>
    </ClCompile>
    <ClCompile Include="..\calculation\print\BasePrint.cpp">
      <Filter>Source Files\calculation\print</Filter>
    </ClCompile>
    <ClCompile Include="..\calculation\print\PrintQueue.cpp">
      <Filter>Source Files\calculation\print</Filter>
    </ClCompile>
    <ClCompile Include="..\calculation\print\PrintScreen.cpp">
      <Filter>Source Files\calculation\print</Filter>
    </ClCompile>
    <ClCompile Include="..\calculation\utility\PrjException.cpp">
      <Filter>Source Files\calculation\utility</Filter>
    </ClCompile>
    <ClCompile Include="..\calculation\utility\RandomDistribution.cpp">
      <Filter>Source Files\calculation\utility</Filter>
    </ClCompile>
    <ClCompile Include="..\calculation\utility\RandomNumberGenerator.cpp">
      <Filter>Source Files\calculation\utility</Filter>
    </ClCompile>
    <ClCompile Include="..\calculation\utility\UtilityFunctions.cpp">
      <Filter>Source Files\calculation\utility</Filter>
    </ClCompile>
    <ClCompile Include="..\calculation\utility\FileName.cpp">
      <Filter>Source Files\calculation\utility</Filter>
    </ClCompile>
    <ClCompile Include="..\calculation\utility\TimeStamp.cpp">
      <Filter>Source Files\calculation\utility</Filter>
    </ClCompile>
    <ClCompile Include="..\calculation\utility\Ini.cpp">
      <Filter>Source Files\calculation\utility</Filter>
    </ClCompile>
    <ClCompile Include="..\boost\boost_1_52_0\libs\program_options\src\cmdline.cpp">
      <Filter>Source Files\boost\program_options</Filter>
    </ClCompile>
    <ClCompile Include="..\boost\boost_1_52_0\libs\program_options\src\config_file.cpp">
      <Filter>Source Files\boost\program_options</Filter>
    </ClCompile>
    <ClCompile Include="..\boost\boost_1_52_0\libs\program_options\src\convert.cpp">
      <Filter>Source Files\boost\program_options</Filter>
    </ClCompile>
    <ClCompile Include="..\boost\boost_1_52_0\libs\program_options\src\options_description.cpp">
      <Filter>Source Files\boost\program_options</Filter>
    </ClCompile>
    <ClCompile Include="..\boost\boost_1_52_0\libs\program_options\src\parsers.cpp">
      <Filter>Source Files\boost\program_options</Filter>
    </ClCompile>
    <ClCompile Include="..\boost\boost_1_52_0\libs\program_options\src\positional_options.cpp">
      <Filter>Source Files\boost\program_options</Filter>
    </ClCompile>
    <ClCompile Include="..\boost\boost_1_52_0\libs\program_options\src\split.cpp">
      <Filter>Source Files\boost\program_options</Filter>
    </ClCompile>
    <ClCompile Include="..\boost\boost_1_52_0\libs\program_options\src\utf8_codecvt_facet.cpp">
      <Filter>Source Files\boost\program_options</Filter>
    </ClCompile>
    <ClCompile Include="..\boost\boost_1_52_0\libs\program_options\src\value_semantic.cpp">
      <Filter>Source Files\boost\program_options</Filter>
    </ClCompile>
    <ClCompile Include="..\boost\boost_1_52_0\libs\program_options\src\variables_map.cpp">
      <Filter>Source Files\boost\program_options</Filter>
    </ClCompile>
    <ClCompile Include="..\boost\boost_1_52_0\libs\program_options\src\winmain.cpp">
      <Filter>Source Files\boost\program_options</Filter>
    </ClCompile>
    <ClCompile Include="..\calculation\loglikelihood\Loglikelihood.cpp">
      <Filter>Source Files\calculation\loglikelihood</Filter>
    </ClCompile>
    <ClCompile Include="..\calculation\utility\AsynchronouslyAccessible.cpp">
      <Filter>Source Files\calculation\utility</Filter>
    </ClCompile>
    <ClCompile Include="..\calculation\utility\contractor.cpp">
      <Filter>Source Files\calculation\utility</Filter>
    </ClCompile>
    <ClCompile Include="..\boost\boost_1_52_0\libs\thread\src\win32\thread.cpp">
      <Filter>Source Files\boost\threads</Filter>
    </ClCompile>
    <ClCompile Include="..\calculation\utility\MonteCarloSimFunctor.cpp">
      <Filter>Source Files\calculation\utility</Filter>
    </ClCompile>
    <ClCompile Include="..\calculation\utility\MCSimJobSource.cpp">
      <Filter>Source Files\calculation\utility</Filter>
    </ClCompile>
    <ClCompile Include="..\calculation\randomization\Randomization.cpp">
      <Filter>Source Files\calculation\randomization</Filter>
    </ClCompile>
    <ClCompile Include="TreeScan.cpp">
      <Filter>Source Files\batch_application</Filter>
    </ClCompile>
    <ClCompile Include="ParameterProgramOptions.cpp">
      <Filter>Source Files\batch_application</Filter>
    </ClCompile>
    <ClCompile Include="..\calculation\IniParameterFileAccess.cpp">
      <Filter>Source Files\calculation</Filter>
    </ClCompile>
    <ClCompile Include="..\calculation\IniParameterSpecification.cpp">
      <Filter>Source Files\calculation</Filter>
    </ClCompile>
    <ClCompile Include="..\calculation\Parameters.cpp">
      <Filter>Source Files\calculation</Filter>
    </ClCompile>
    <ClCompile Include="..\calculation\ParametersPrint.cpp">
      <Filter>Source Files\calculation</Filter>
    </ClCompile>
    <ClCompile Include="..\calculation\utility\AsciiPrintFormat.cpp">
      <Filter>Source Files\calculation\utility</Filter>
    </ClCompile>
    <ClCompile Include="..\calculation\utility\FieldDef.cpp">
      <Filter>Source Files\calculation\utility</Filter>
    </ClCompile>
    <ClCompile Include="..\calculation\output\DataFileWriter.cpp">
      <Filter>Source Files\calculation\output</Filter>
    </ClCompile>
    <ClCompile Include="..\calculation\runner\DataSource.cpp">
      <Filter>Source Files\calculation\runner</Filter>
    </ClCompile>
    <ClCompile Include="..\calculation\output\ResultsFileWriter.cpp">
      <Filter>Source Files\calculation\output</Filter>
    </ClCompile>
    <ClCompile Include="..\calculation\Toolkit.cpp">
      <Filter>Source Files\calculation</Filter>
    </ClCompile>
    <ClCompile Include="..\calculation\ParameterFileAccess.cpp">
      <Filter>Source Files\calculation</Filter>
    </ClCompile>
    <ClCompile Include="..\calculation\randomization\BernoulliRandomizer.cpp">
      <Filter>Source Files\calculation\randomization</Filter>
    </ClCompile>
    <ClCompile Include="..\calculation\randomization\DenominatorDataRandomizer.cpp">
      <Filter>Source Files\calculation\randomization</Filter>
    </ClCompile>
    <ClCompile Include="..\calculation\randomization\PoissonRandomizer.cpp">
      <Filter>Source Files\calculation\randomization</Filter>
    </ClCompile>
    <ClCompile Include="..\calculation\ParametersValidate.cpp">
      <Filter>Source Files\calculation</Filter>
    </ClCompile>
    <ClCompile Include="..\calculation\runner\DataTimeRanges.cpp">
      <Filter>Source Files\calculation\runner</Filter>
    </ClCompile>
    <ClCompile Include="..\boost\boost_1_52_0\libs\system\src\error_code.cpp">
      <Filter>Source Files\boost\system</Filter>
    </ClCompile>
    <ClCompile Include="..\calculation\randomization\TemporalRandomizer.cpp">
      <Filter>Source Files\calculation\randomization</Filter>
    </ClCompile>
  </ItemGroup>
  <ItemGroup>
    <ClInclude Include="..\calculation\runner\ScanRunner.h">
      <Filter>Header Files\calculation\runner</Filter>
    </ClInclude>
    <ClInclude Include="..\calculation\TreeScan.h">
      <Filter>Header Files\calculation</Filter>
    </ClInclude>
    <ClInclude Include="..\calculation\print\BasePrint.h">
      <Filter>Header Files\calculation\print</Filter>
    </ClInclude>
    <ClInclude Include="..\calculation\print\PrintQueue.h">
      <Filter>Header Files\calculation\print</Filter>
    </ClInclude>
    <ClInclude Include="..\calculation\print\PrintScreen.h">
      <Filter>Header Files\calculation\print</Filter>
    </ClInclude>
    <ClInclude Include="..\calculation\utility\PrjException.h">
      <Filter>Header Files\calculation\utility</Filter>
    </ClInclude>
    <ClInclude Include="..\calculation\utility\RandomDistribution.h">
      <Filter>Header Files\calculation\utility</Filter>
    </ClInclude>
    <ClInclude Include="..\calculation\utility\RandomNumberGenerator.h">
      <Filter>Header Files\calculation\utility</Filter>
    </ClInclude>
    <ClInclude Include="..\calculation\utility\UtilityFunctions.h">
      <Filter>Header Files\calculation\utility</Filter>
    </ClInclude>
    <ClInclude Include="..\calculation\utility\FileName.h">
      <Filter>Header Files\calculation\utility</Filter>
    </ClInclude>
    <ClInclude Include="..\calculation\utility\Ini.h">
      <Filter>Header Files\calculation\utility</Filter>
    </ClInclude>
    <ClInclude Include="..\calculation\utility\TimeStamp.h">
      <Filter>Header Files\calculation\utility</Filter>
    </ClInclude>
    <ClInclude Include="..\calculation\utility\ptr_vector.h">
      <Filter>Header Files\calculation\utility</Filter>
    </ClInclude>
    <ClInclude Include="..\calculation\loglikelihood\Loglikelihood.h">
      <Filter>Header Files\calculation\loglikelihood</Filter>
    </ClInclude>
    <ClInclude Include="..\calculation\utility\AsynchronouslyAccessible.h">
      <Filter>Header Files\calculation\utility</Filter>
    </ClInclude>
    <ClInclude Include="..\calculation\utility\contractor.h">
      <Filter>Header Files\calculation\utility</Filter>
    </ClInclude>
    <ClInclude Include="..\calculation\runner\SimulationVariables.h">
      <Filter>Header Files\calculation\runner</Filter>
    </ClInclude>
    <ClInclude Include="..\calculation\utility\MonteCarloSimFunctor.h">
      <Filter>Header Files\calculation\utility</Filter>
    </ClInclude>
    <ClInclude Include="..\calculation\utility\MCSimJobSource.h">
      <Filter>Header Files\calculation\utility</Filter>
    </ClInclude>
    <ClInclude Include="..\calculation\randomization\Randomization.h">
      <Filter>Header Files\calculation\randomization</Filter>
    </ClInclude>
    <ClInclude Include="..\calculation\Parameters.h">
      <Filter>Header Files\calculation</Filter>
    </ClInclude>
    <ClInclude Include="..\calculation\ParametersPrint.h">
      <Filter>Header Files\calculation</Filter>
    </ClInclude>
    <ClInclude Include="..\calculation\utility\AsciiPrintFormat.h">
      <Filter>Header Files\calculation\utility</Filter>
    </ClInclude>
    <ClInclude Include="..\calculation\utility\FieldDef.h">
      <Filter>Header Files\calculation\utility</Filter>
    </ClInclude>
    <ClInclude Include="..\calculation\output\DataFileWriter.h">
      <Filter>Header Files\calculation\output</Filter>
    </ClInclude>
    <ClInclude Include="..\calculation\runner\DataSource.h">
      <Filter>Header Files\calculation\runner</Filter>
    </ClInclude>
    <ClInclude Include="..\calculation\output\ResultsFileWriter.h">
      <Filter>Header Files\calculation\output</Filter>
    </ClInclude>
    <ClInclude Include="..\calculation\Toolkit.h">
      <Filter>Header Files\calculation</Filter>
    </ClInclude>
    <ClInclude Include="..\calculation\ParameterFileAccess.h">
      <Filter>Header Files\calculation</Filter>
    </ClInclude>
    <ClInclude Include="..\calculation\IniParameterFileAccess.h">
      <Filter>Header Files\calculation</Filter>
    </ClInclude>
    <ClInclude Include="..\calculation\IniParameterSpecification.h">
      <Filter>Header Files\calculation</Filter>
    </ClInclude>
    <ClInclude Include="..\calculation\randomization\BernoulliRandomizer.h">
      <Filter>Header Files\calculation\randomization</Filter>
    </ClInclude>
    <ClInclude Include="..\calculation\randomization\DenominatorDataRandomizer.h">
      <Filter>Header Files\calculation\randomization</Filter>
    </ClInclude>
    <ClInclude Include="..\calculation\randomization\PoissonRandomizer.h">
      <Filter>Header Files\calculation\randomization</Filter>
    </ClInclude>
    <ClInclude Include="..\calculation\ParametersValidate.h">
      <Filter>Header Files\calculation</Filter>
    </ClInclude>
    <ClInclude Include="..\calculation\runner\DataTimeRanges.h">
      <Filter>Header Files\calculation\runner</Filter>
    </ClInclude>
    <ClInclude Include="..\calculation\randomization\TemporalRandomizer.h">
      <Filter>Header Files\calculation\randomization</Filter>
    </ClInclude>
    <ClInclude Include="ParameterProgramOptions.h">
      <Filter>Header Files\batch_application</Filter>
    </ClInclude>
    <ClInclude Include="..\calculation\runner\WindowLength.h">
      <Filter>Header Files\calculation\runner</Filter>
    </ClInclude>
  </ItemGroup>
</Project>